<?xml version="1.0" encoding="utf-8"?>
<Project ToolsVersion="4.0" xmlns="http://schemas.microsoft.com/developer/msbuild/2003">
  <ItemGroup>
    <Filter Include="Source Files">
      <UniqueIdentifier>{4FC737F1-C7A5-4376-A066-2A32D752A2FF}</UniqueIdentifier>
      <Extensions>cpp;c;cc;cxx;c++;cppm;ixx;def;odl;idl;hpj;bat;asm;asmx</Extensions>
    </Filter>
    <Filter Include="Header Files">
      <UniqueIdentifier>{93995380-89BD-4b04-88EB-625FBE52EBFB}</UniqueIdentifier>
      <Extensions>h;hh;hpp;hxx;h++;hm;inl;inc;ipp;xsd</Extensions>
    </Filter>
    <Filter Include="Resource Files">
      <UniqueIdentifier>{67DA6AB6-F800-4c08-8B7A-83BB121AAD01}</UniqueIdentifier>
      <Extensions>rc;ico;cur;bmp;dlg;rc2;rct;bin;rgs;gif;jpg;jpeg;jpe;resx;tiff;tif;png;wav;mfcribbon-ms</Extensions>
    </Filter>
    <Filter Include="Project Files">
      <UniqueIdentifier>{A1111111-1111-1111-1111-111111111111}</UniqueIdentifier>
    </Filter>
    <Filter Include="Scripts">
      <UniqueIdentifier>{B2222222-2222-2222-2222-222222222222}</UniqueIdentifier>
    </Filter>
  </ItemGroup>
  <ItemGroup>
    <ClCompile Include="src\main.c">
      <Filter>Source Files</Filter>
    </ClCompile>
    <ClCompile Include="src\business\billing_rule.c">
      <Filter>Source Files</Filter>
    </ClCompile>
    <ClCompile Include="src\business\billing_service.c">
      <Filter>Source Files</Filter>
    </ClCompile>
    <ClCompile Include="src\business\business_result.c">
      <Filter>Source Files</Filter>
    </ClCompile>
    <ClCompile Include="src\business\session_service.c">
      <Filter>Source Files</Filter>
    </ClCompile>
    <ClCompile Include="src\business\card_service.c">
      <Filter>Source Files</Filter>
    </ClCompile>
    <ClCompile Include="src\business\statistics_service.c">
      <Filter>Source Files</Filter>
    </ClCompile>
    <ClCompile Include="src\business\cancel_service.c">
      <Filter>Source Files</Filter>
    </ClCompile>
    <ClCompile Include="src\business\card_auth.c">
      <Filter>Source Files</Filter>
    </ClCompile>
    <ClCompile Include="src\business\money_service.c">
      <Filter>Source Files</Filter>
    </ClCompile>
    <ClCompile Include="src\business\card_validator.c">
      <Filter>Source Files</Filter>
    </ClCompile>
    <ClCompile Include="src\business\operation_log.c">
      <Filter>Source Files</Filter>
    </ClCompile>
    <ClCompile Include="src\business\time_validator.c">
      <Filter>Source Files</Filter>
    </ClCompile>
    <ClCompile Include="src\data\billing_repository.c">
      <Filter>Source Files</Filter>
    </ClCompile>
    <ClCompile Include="src\data\data_file_utils.c">
      <Filter>Source Files</Filter>
    </ClCompile>
    <ClCompile Include="src\data\money_repository.c">
      <Filter>Source Files</Filter>
    </ClCompile>
    <ClCompile Include="src\data\repository.c">
      <Filter>Source Files</Filter>
    </ClCompile>
    <ClCompile Include="src\platform\platform.c">
      <Filter>Source Files</Filter>
    </ClCompile>
    <ClCompile Include="src\presentation\card_ui.c">
      <Filter>Source Files</Filter>
    </ClCompile>
    <ClCompile Include="src\presentation\card_view.c">
      <Filter>Source Files</Filter>
    </ClCompile>
    <ClCompile Include="src\presentation\gui\gui_main.cpp">
      <Filter>Source Files</Filter>
    </ClCompile>
    <ClCompile Include="src\presentation\gui\gui_main_window.cpp">
      <Filter>Source Files</Filter>
    </ClCompile>
    <ClCompile Include="src\presentation\gui\gui_main_window_core.cpp">
      <Filter>Source Files</Filter>
    </ClCompile>
    <ClCompile Include="src\presentation\gui\gui_result_view.cpp">
      <Filter>Source Files</Filter>
    </ClCompile>
    <ClCompile Include="src\presentation\gui\gui_mode_config.cpp">
      <Filter>Source Files</Filter>
    </ClCompile>
    <ClCompile Include="src\presentation\gui\gui_action_controller.cpp">
      <Filter>Source Files</Filter>
    </ClCompile>
    <ClCompile Include="src\presentation\gui\gui_utils.cpp">
      <Filter>Source Files</Filter>
    </ClCompile>
    <ClCompile Include="src\presentation\menu.c">
      <Filter>Source Files</Filter>
    </ClCompile>
  </ItemGroup>
  <ItemGroup>
    <ClInclude Include="include\billing_query_repository.h">
      <Filter>Header Files</Filter>
    </ClInclude>
    <ClInclude Include="include\billing_repository.h">
      <Filter>Header Files</Filter>
    </ClInclude>
    <ClInclude Include="include\billing_rule.h">
      <Filter>Header Files</Filter>
    </ClInclude>
    <ClInclude Include="include\billing_storage.h">
      <Filter>Header Files</Filter>
    </ClInclude>
    <ClInclude Include="include\billing_storage_file.h">
      <Filter>Header Files</Filter>
    </ClInclude>
    <ClInclude Include="include\business.h">
      <Filter>Header Files</Filter>
    </ClInclude>
    <ClInclude Include="include\data_file_utils.h">
      <Filter>Header Files</Filter>
    </ClInclude>
    <ClInclude Include="src\business\business_internal.h">
      <Filter>Header Files</Filter>
    </ClInclude>
    <ClInclude Include="include\card_repository.h">
      <Filter>Header Files</Filter>
    </ClInclude>
    <ClInclude Include="include\card_storage.h">
      <Filter>Header Files</Filter>
    </ClInclude>
    <ClInclude Include="include\card_storage_file.h">
      <Filter>Header Files</Filter>
    </ClInclude>
    <ClInclude Include="include\card_ui.h">
      <Filter>Header Files</Filter>
    </ClInclude>
    <ClInclude Include="include\card_validator.h">
      <Filter>Header Files</Filter>
    </ClInclude>
    <ClInclude Include="include\card_view.h">
      <Filter>Header Files</Filter>
    </ClInclude>
    <ClInclude Include="include\common.h">
      <Filter>Header Files</Filter>
    </ClInclude>
    <ClInclude Include="include\menu.h">
      <Filter>Header Files</Filter>
    </ClInclude>
    <ClInclude Include="include\model.h">
      <Filter>Header Files</Filter>
    </ClInclude>
    <ClInclude Include="include\money_repository.h">
      <Filter>Header Files</Filter>
    </ClInclude>
    <ClInclude Include="include\money_storage.h">
      <Filter>Header Files</Filter>
    </ClInclude>
    <ClInclude Include="include\money_storage_file.h">
      <Filter>Header Files</Filter>
    </ClInclude>
    <ClInclude Include="include\operation_log.h">
      <Filter>Header Files</Filter>
    </ClInclude>
    <ClInclude Include="include\platform.h">
      <Filter>Header Files</Filter>
    </ClInclude>
    <ClInclude Include="include\time_validator.h">
      <Filter>Header Files</Filter>
    </ClInclude>
    <ClInclude Include="src\presentation\gui\gui_main_window.h">
      <Filter>Header Files</Filter>
    </ClInclude>
    <ClInclude Include="src\presentation\gui\gui_main_window_core.h">
      <Filter>Header Files</Filter>
    </ClInclude>
    <ClInclude Include="src\presentation\gui\gui_main_window_internal.h">
      <Filter>Header Files</Filter>
    </ClInclude>
    <ClInclude Include="src\presentation\gui\gui_resource.h">
      <Filter>Header Files</Filter>
    </ClInclude>
    <ClInclude Include="src\presentation\gui\gui_utils.h">
      <Filter>Header Files</Filter>
    </ClInclude>
  </ItemGroup>
  <ItemGroup>
    <ResourceCompile Include="src\presentation\gui\gui_resource.rc">
      <Filter>Resource Files</Filter>
    </ResourceCompile>
  </ItemGroup>
  <ItemGroup>
    <None Include="Makefile">
      <Filter>Project Files</Filter>
    </None>
    <None Include="data\.gitkeep">
      <Filter>Project Files</Filter>
    </None>
    <None Include="scripts\run_smoke_test.ps1">
      <Filter>Scripts</Filter>
    </None>
    <None Include="scripts\run_smoke_test.sh">
      <Filter>Scripts</Filter>
    </None>
    <None Include="scripts\run_test_batch.ps1">
      <Filter>Scripts</Filter>
    </None>
    <None Include="scripts\run_test_batch.sh">
      <Filter>Scripts</Filter>
    </None>
    <None Include="tests\windows\Run-AcceptanceTests.ps1">
      <Filter>Scripts</Filter>
    </None>
  </ItemGroup>
</Project>
